
Microsoft Visual Studio Solution File, Format Version 12.00
# Visual Studio Version 17
VisualStudioVersion = 17.14.36915.13 d17.14
MinimumVisualStudioVersion = 10.0.40219.1
Project("{FAE04EC0-301F-11D3-BF4B-00C04F79EFBC}") = "PresentationLayer", "PresentationLayer\PresentationLayer.csproj", "{65D936AF-9A70-43C9-B274-791BAAD05A22}"
EndProject
Project("{FAE04EC0-301F-11D3-BF4B-00C04F79EFBC}") = "ApplicationLayer", "ApplicationLayer\ApplicationLayer.csproj", "{374FBA72-4A47-4A18-96F0-E32A42572114}"
EndProject
Project("{FAE04EC0-301F-11D3-BF4B-00C04F79EFBC}") = "DomainLayer", "DomainLayer\DomainLayer.csproj", "{1DFC4865-6815-431C-8971-D5E5F3F5FDE4}"
EndProject
Global
	GlobalSection(SolutionConfigurationPlatforms) = preSolution
		Debug|Any CPU = Debug|Any CPU
		Release|Any CPU = Release|Any CPU
	EndGlobalSection
	GlobalSection(ProjectConfigurationPlatforms) = postSolution
		{65D936AF-9A70-43C9-B274-791BAAD05A22}.Debug|Any CPU.ActiveCfg = Debug|Any CPU
		{65D936AF-9A70-43C9-B274-791BAAD05A22}.Debug|Any CPU.Build.0 = Debug|Any CPU
		{65D936AF-9A70-43C9-B274-791BAAD05A22}.Release|Any CPU.ActiveCfg = Release|Any CPU
		{65D936AF-9A70-43C9-B274-791BAAD05A22}.Release|Any CPU.Build.0 = Release|Any CPU
		{374FBA72-4A47-4A18-96F0-E32A42572114}.Debug|Any CPU.ActiveCfg = Debug|Any CPU
		{374FBA72-4A47-4A18-96F0-E32A42572114}.Debug|Any CPU.Build.0 = Debug|Any CPU
		{374FBA72-4A47-4A18-96F0-E32A42572114}.Release|Any CPU.ActiveCfg = Release|Any CPU
		{374FBA72-4A47-4A18-96F0-E32A42572114}.Release|Any CPU.Build.0 = Release|Any CPU
		{1DFC4865-6815-431C-8971-D5E5F3F5FDE4}.Debug|Any CPU.ActiveCfg = Debug|Any CPU
		{1DFC4865-6815-431C-8971-D5E5F3F5FDE4}.Debug|Any CPU.Build.0 = Debug|Any CPU
		{1DFC4865-6815-431C-8971-D5E5F3F5FDE4}.Release|Any CPU.ActiveCfg = Release|Any CPU
		{1DFC4865-6815-431C-8971-D5E5F3F5FDE4}.Release|Any CPU.Build.0 = Release|Any CPU
	EndGlobalSection
	GlobalSection(SolutionProperties) = preSolution
		HideSolutionNode = FALSE
	EndGlobalSection
	GlobalSection(ExtensibilityGlobals) = postSolution
		SolutionGuid = {D465D718-915C-443E-999D-99278BC96B68}
	EndGlobalSection
EndGlobal
